// !$*UTF8*$!
{
	archiveVersion = 1;
	classes = {
	};
	objectVersion = 46;
	objects = {

/* Begin PBXBuildFile section */
		0FDAD8461A3E20F9003DA8E5 /* AppDelegate.swift in Sources */ = {isa = PBXBuildFile; fileRef = 0FDAD8451A3E20F9003DA8E5 /* AppDelegate.swift */; };
		0FDAD84B1A3E20F9003DA8E5 /* Main.storyboard in Resources */ = {isa = PBXBuildFile; fileRef = 0FDAD8491A3E20F9003DA8E5 /* Main.storyboard */; };
		0FDAD84D1A3E20F9003DA8E5 /* Images.xcassets in Resources */ = {isa = PBXBuildFile; fileRef = 0FDAD84C1A3E20F9003DA8E5 /* Images.xcassets */; };
		0FDAD8501A3E20F9003DA8E5 /* LaunchScreen.xib in Resources */ = {isa = PBXBuildFile; fileRef = 0FDAD84E1A3E20F9003DA8E5 /* LaunchScreen.xib */; };
		0FDAD85C1A3E20F9003DA8E5 /* Day_23__AnimateTests.swift in Sources */ = {isa = PBXBuildFile; fileRef = 0FDAD85B1A3E20F9003DA8E5 /* Day_23__AnimateTests.swift */; };
		0FDAD8661A3E2116003DA8E5 /* ViewController.swift in Sources */ = {isa = PBXBuildFile; fileRef = 0FDAD8651A3E2116003DA8E5 /* ViewController.swift */; };
/* End PBXBuildFile section */

/* Begin PBXContainerItemProxy section */
		0FDAD8561A3E20F9003DA8E5 /* PBXContainerItemProxy */ = {
			isa = PBXContainerItemProxy;
			containerPortal = 0FDAD8381A3E20F9003DA8E5 /* Project object */;
			proxyType = 1;
			remoteGlobalIDString = 0FDAD83F1A3E20F9003DA8E5;
			remoteInfo = "Day 23- Animate";
		};
/* End PBXContainerItemProxy section */

/* Begin PBXFileReference section */
		0FDAD8401A3E20F9003DA8E5 /* Day 23- Animate.app */ = {isa = PBXFileReference; explicitFileType = wrapper.application; includeInIndex = 0; path = "Day 23- Animate.app"; sourceTree = BUILT_PRODUCTS_DIR; };
		0FDAD8441A3E20F9003DA8E5 /* Info.plist */ = {isa = PBXFileReference; lastKnownFileType = text.plist.xml; path = Info.plist; sourceTree = "<group>"; };
		0FDAD8451A3E20F9003DA8E5 /* AppDelegate.swift */ = {isa = PBXFileReference; lastKnownFileType = sourcecode.swift; path = AppDelegate.swift; sourceTree = "<group>"; };
		0FDAD84A1A3E20F9003DA8E5 /* Base */ = {isa = PBXFileReference; lastKnownFileType = file.storyboard; name = Base; path = Base.lproj/Main.storyboard; sourceTree = "<group>"; };
		0FDAD84C1A3E20F9003DA8E5 /* Images.xcassets */ = {isa = PBXFileReference; lastKnownFileType = folder.assetcatalog; path = Images.xcassets; sourceTree = "<group>"; };
		0FDAD84F1A3E20F9003DA8E5 /* Base */ = {isa = PBXFileReference; lastKnownFileType = file.xib; name = Base; path = Base.lproj/LaunchScreen.xib; sourceTree = "<group>"; };
		0FDAD8551A3E20F9003DA8E5 /* Day 23- AnimateTests.xctest */ = {isa = PBXFileReference; explicitFileType = wrapper.cfbundle; includeInIndex = 0; path = "Day 23- AnimateTests.xctest"; sourceTree = BUILT_PRODUCTS_DIR; };
		0FDAD85A1A3E20F9003DA8E5 /* Info.plist */ = {isa = PBXFileReference; lastKnownFileType = text.plist.xml; path = Info.plist; sourceTree = "<group>"; };
		0FDAD85B1A3E20F9003DA8E5 /* Day_23__AnimateTests.swift */ = {isa = PBXFileReference; lastKnownFileType = sourcecode.swift; path = Day_23__AnimateTests.swift; sourceTree = "<group>"; };
		0FDAD8651A3E2116003DA8E5 /* ViewController.swift */ = {isa = PBXFileReference; fileEncoding = 4; lastKnownFileType = sourcecode.swift; path = ViewController.swift; sourceTree = "<group>"; };
/* End PBXFileReference section */

/* Begin PBXFrameworksBuildPhase section */
		0FDAD83D1A3E20F9003DA8E5 /* Frameworks */ = {
			isa = PBXFrameworksBuildPhase;
			buildActionMask = 2147483647;
			files = (
			);
			runOnlyForDeploymentPostprocessing = 0;
		};
		0FDAD8521A3E20F9003DA8E5 /* Frameworks */ = {
			isa = PBXFrameworksBuildPhase;
			buildActionMask = 2147483647;
			files = (
			);
			runOnlyForDeploymentPostprocessing = 0;
		};
/* End PBXFrameworksBuildPhase section */

/* Begin PBXGroup section */
		0FDAD8371A3E20F9003DA8E5 = {
			isa = PBXGroup;
			children = (
				0FDAD8421A3E20F9003DA8E5 /* Day 23- Animate */,
				0FDAD8581A3E20F9003DA8E5 /* Day 23- AnimateTests */,
				0FDAD8411A3E20F9003DA8E5 /* Products */,
			);
			sourceTree = "<group>";
		};
		0FDAD8411A3E20F9003DA8E5 /* Products */ = {
			isa = PBXGroup;
			children = (
				0FDAD8401A3E20F9003DA8E5 /* Day 23- Animate.app */,
				0FDAD8551A3E20F9003DA8E5 /* Day 23- AnimateTests.xctest */,
			);
			name = Products;
			sourceTree = "<group>";
		};
		0FDAD8421A3E20F9003DA8E5 /* Day 23- Animate */ = {
			isa = PBXGroup;
			children = (
				0FDAD8451A3E20F9003DA8E5 /* AppDelegate.swift */,
				0FDAD8651A3E2116003DA8E5 /* ViewController.swift */,
				0FDAD8491A3E20F9003DA8E5 /* Main.storyboard */,
				0FDAD84C1A3E20F9003DA8E5 /* Images.xcassets */,
				0FDAD84E1A3E20F9003DA8E5 /* LaunchScreen.xib */,
				0FDAD8431A3E20F9003DA8E5 /* Supporting Files */,
			);
			path = "Day 23- Animate";
			sourceTree = "<group>";
		};
		0FDAD8431A3E20F9003DA8E5 /* Supporting Files */ = {
			isa = PBXGroup;
			children = (
				0FDAD8441A3E20F9003DA8E5 /* Info.plist */,
			);
			name = "Supporting Files";
			sourceTree = "<group>";
		};
		0FDAD8581A3E20F9003DA8E5 /* Day 23- AnimateTests */ = {
			isa = PBXGroup;
			children = (
				0FDAD85B1A3E20F9003DA8E5 /* Day_23__AnimateTests.swift */,
				0FDAD8591A3E20F9003DA8E5 /* Supporting Files */,
			);
			path = "Day 23- AnimateTests";
			sourceTree = "<group>";
		};
		0FDAD8591A3E20F9003DA8E5 /* Supporting Files */ = {
			isa = PBXGroup;
			children = (
				0FDAD85A1A3E20F9003DA8E5 /* Info.plist */,
			);
			name = "Supporting Files";
			sourceTree = "<group>";
		};
/* End PBXGroup section */

/* Begin PBXNativeTarget section */
		0FDAD83F1A3E20F9003DA8E5 /* Day 23- Animate */ = {
			isa = PBXNativeTarget;
			buildConfigurationList = 0FDAD85F1A3E20F9003DA8E5 /* Build configuration list for PBXNativeTarget "Day 23- Animate" */;
			buildPhases = (
				0FDAD83C1A3E20F9003DA8E5 /* Sources */,
				0FDAD83D1A3E20F9003DA8E5 /* Frameworks */,
				0FDAD83E1A3E20F9003DA8E5 /* Resources */,
			);
			buildRules = (
			);
			dependencies = (
			);
			name = "Day 23- Animate";
			productName = "Day 23- Animate";
			productReference = 0FDAD8401A3E20F9003DA8E5 /* Day 23- Animate.app */;
			productType = "com.apple.product-type.application";
		};
		0FDAD8541A3E20F9003DA8E5 /* Day 23- AnimateTests */ = {
			isa = PBXNativeTarget;
			buildConfigurationList = 0FDAD8621A3E20F9003DA8E5 /* Build configuration list for PBXNativeTarget "Day 23- AnimateTests" */;
			buildPhases = (
				0FDAD8511A3E20F9003DA8E5 /* Sources */,
				0FDAD8521A3E20F9003DA8E5 /* Frameworks */,
				0FDAD8531A3E20F9003DA8E5 /* Resources */,
			);
			buildRules = (
			);
			dependencies = (
				0FDAD8571A3E20F9003DA8E5 /* PBXTargetDependency */,
			);
			name = "Day 23- AnimateTests";
			productName = "Day 23- AnimateTests";
			productReference = 0FDAD8551A3E20F9003DA8E5 /* Day 23- AnimateTests.xctest */;
			productType = "com.apple.product-type.bundle.unit-test";
		};
/* End PBXNativeTarget section */

/* Begin PBXProject section */
		0FDAD8381A3E20F9003DA8E5 /* Project object */ = {
			isa = PBXProject;
			attributes = {
				LastUpgradeCheck = 0610;
				ORGANIZATIONNAME = "Coding for Entrepreneurs";
				TargetAttributes = {
					0FDAD83F1A3E20F9003DA8E5 = {
						CreatedOnToolsVersion = 6.1.1;
					};
					0FDAD8541A3E20F9003DA8E5 = {
						CreatedOnToolsVersion = 6.1.1;
						TestTargetID = 0FDAD83F1A3E20F9003DA8E5;
					};
				};
			};
			buildConfigurationList = 0FDAD83B1A3E20F9003DA8E5 /* Build configuration list for PBXProject "Day 23- Animate" */;
			compatibilityVersion = "Xcode 3.2";
			developmentRegion = English;
			hasScannedForEncodings = 0;
			knownRegions = (
				en,
				Base,
			);
			mainGroup = 0FDAD8371A3E20F9003DA8E5;
			productRefGroup = 0FDAD8411A3E20F9003DA8E5 /* Products */;
			projectDirPath = "";
			projectRoot = "";
			targets = (
				0FDAD83F1A3E20F9003DA8E5 /* Day 23- Animate */,
				0FDAD8541A3E20F9003DA8E5 /* Day 23- AnimateTests */,
			);
		};
/* End PBXProject section */

/* Begin PBXResourcesBuildPhase section */
		0FDAD83E1A3E20F9003DA8E5 /* Resources */ = {
			isa = PBXResourcesBuildPhase;
			buildActionMask = 2147483647;
			files = (
				0FDAD84B1A3E20F9003DA8E5 /* Main.storyboard in Resources */,
				0FDAD8501A3E20F9003DA8E5 /* LaunchScreen.xib in Resources */,
				0FDAD84D1A3E20F9003DA8E5 /* Images.xcassets in Resources */,
			);
			runOnlyForDeploymentPostprocessing = 0;
		};
		0FDAD8531A3E20F9003DA8E5 /* Resources */ = {
			isa = PBXResourcesBuildPhase;
			buildActionMask = 2147483647;
			files = (
			);
			runOnlyForDeploymentPostprocessing = 0;
		};
/* End PBXResourcesBuildPhase section */

/* Begin PBXSourcesBuildPhase section */
		0FDAD83C1A3E20F9003DA8E5 /* Sources */ = {
			isa = PBXSourcesBuildPhase;
			buildActionMask = 2147483647;
			files = (
				0FDAD8661A3E2116003DA8E5 /* ViewController.swift in Sources */,
				0FDAD8461A3E20F9003DA8E5 /* AppDelegate.swift in Sources */,
			);
			runOnlyForDeploymentPostprocessing = 0;
		};
		0FDAD8511A3E20F9003DA8E5 /* Sources */ = {
			isa = PBXSourcesBuildPhase;
			buildActionMask = 2147483647;
			files = (
				0FDAD85C1A3E20F9003DA8E5 /* Day_23__AnimateTests.swift in Sources */,
			);
			runOnlyForDeploymentPostprocessing = 0;
		};
/* End PBXSourcesBuildPhase section */

/* Begin PBXTargetDependency section */
		0FDAD8571A3E20F9003DA8E5 /* PBXTargetDependency */ = {
			isa = PBXTargetDependency;
			target = 0FDAD83F1A3E20F9003DA8E5 /* Day 23- Animate */;
			targetProxy = 0FDAD8561A3E20F9003DA8E5 /* PBXContainerItemProxy */;
		};
/* End PBXTargetDependency section */

/* Begin PBXVariantGroup section */
		0FDAD8491A3E20F9003DA8E5 /* Main.storyboard */ = {
			isa = PBXVariantGroup;
			children = (
				0FDAD84A1A3E20F9003DA8E5 /* Base */,
			);
			name = Main.storyboard;
			sourceTree = "<group>";
		};
		0FDAD84E1A3E20F9003DA8E5 /* LaunchScreen.xib */ = {
			isa = PBXVariantGroup;
			children = (
				0FDAD84F1A3E20F9003DA8E5 /* Base */,
			);
			name = LaunchScreen.xib;
			sourceTree = "<group>";
		};
/* End PBXVariantGroup section */

/* Begin XCBuildConfiguration section */
		0FDAD85D1A3E20F9003DA8E5 /* Debug */ = {
			isa = XCBuildConfiguration;
			buildSettings = {
				ALWAYS_SEARCH_USER_PATHS = NO;
				CLANG_CXX_LANGUAGE_STANDARD = "gnu++0x";
				CLANG_CXX_LIBRARY = "libc++";
				CLANG_ENABLE_MODULES = YES;
				CLANG_ENABLE_OBJC_ARC = YES;
				CLANG_WARN_BOOL_CONVERSION = YES;
				CLANG_WARN_CONSTANT_CONVERSION = YES;
				CLANG_WARN_DIRECT_OBJC_ISA_USAGE = YES_ERROR;
				CLANG_WARN_EMPTY_BODY = YES;
				CLANG_WARN_ENUM_CONVERSION = YES;
				CLANG_WARN_INT_CONVERSION = YES;
				CLANG_WARN_OBJC_ROOT_CLASS = YES_ERROR;
				CLANG_WARN_UNREACHABLE_CODE = YES;
				CLANG_WARN__DUPLICATE_METHOD_MATCH = YES;
				"CODE_SIGN_IDENTITY[sdk=iphoneos*]" = "iPhone Developer";
				COPY_PHASE_STRIP = NO;
				ENABLE_STRICT_OBJC_MSGSEND = YES;
				GCC_C_LANGUAGE_STANDARD = gnu99;
				GCC_DYNAMIC_NO_PIC = NO;
				GCC_OPTIMIZATION_LEVEL = 0;
				GCC_PREPROCESSOR_DEFINITIONS = (
					"DEBUG=1",
					"$(inherited)",
				);
				GCC_SYMBOLS_PRIVATE_EXTERN = NO;
				GCC_WARN_64_TO_32_BIT_CONVERSION = YES;
				GCC_WARN_ABOUT_RETURN_TYPE = YES_ERROR;
				GCC_WARN_UNDECLARED_SELECTOR = YES;
				GCC_WARN_UNINITIALIZED_AUTOS = YES_AGGRESSIVE;
				GCC_WARN_UNUSED_FUNCTION = YES;
				GCC_WARN_UNUSED_VARIABLE = YES;
				IPHONEOS_DEPLOYMENT_TARGET = 8.1;
				MTL_ENABLE_DEBUG_INFO = YES;
				ONLY_ACTIVE_ARCH = YES;
				SDKROOT = iphoneos;
				SWIFT_OPTIMIZATION_LEVEL = "-Onone";
			};
			name = Debug;
		};
		0FDAD85E1A3E20F9003DA8E5 /* Release */ = {
			isa = XCBuildConfiguration;
			buildSettings = {
				ALWAYS_SEARCH_USER_PATHS = NO;
				CLANG_CXX_LANGUAGE_STANDARD = "gnu++0x";
				CLANG_CXX_LIBRARY = "libc++";
				CLANG_ENABLE_MODULES = YES;
				CLANG_ENABLE_OBJC_ARC = YES;
				CLANG_WARN_BOOL_CONVERSION = YES;
				CLANG_WARN_CONSTANT_CONVERSION = YES;
				CLANG_WARN_DIRECT_OBJC_ISA_USAGE = YES_ERROR;
				CLANG_WARN_EMPTY_BODY = YES;
				CLANG_WARN_ENUM_CONVERSION = YES;
				CLANG_WARN_INT_CONVERSION = YES;
				CLANG_WARN_OBJC_ROOT_CLASS = YES_ERROR;
				CLANG_WARN_UNREACHABLE_CODE = YES;
				CLANG_WARN__DUPLICATE_METHOD_MATCH = YES;
				"CODE_SIGN_IDENTITY[sdk=iphoneos*]" = "iPhone Developer";
				COPY_PHASE_STRIP = YES;
				ENABLE_NS_ASSERTIONS = NO;
				ENABLE_STRICT_OBJC_MSGSEND = YES;
				GCC_C_LANGUAGE_STANDARD = gnu99;
				GCC_WARN_64_TO_32_BIT_CONVERSION = YES;
				GCC_WARN_ABOUT_RETURN_TYPE = YES_ERROR;
				GCC_WARN_UNDECLARED_SELECTOR = YES;
				GCC_WARN_UNINITIALIZED_AUTOS = YES_AGGRESSIVE;
				GCC_WARN_UNUSED_FUNCTION = YES;
				GCC_WARN_UNUSED_VARIABLE = YES;
				IPHONEOS_DEPLOYMENT_TARGET = 8.1;
				MTL_ENABLE_DEBUG_INFO = NO;
				SDKROOT = iphoneos;
				VALIDATE_PRODUCT = YES;
			};
			name = Release;
		};
		0FDAD8601A3E20F9003DA8E5 /* Debug */ = {
			isa = XCBuildConfiguration;
			buildSettings = {
				ASSETCATALOG_COMPILER_APPICON_NAME = AppIcon;
				INFOPLIST_FILE = "Day 23- Animate/Info.plist";
				LD_RUNPATH_SEARCH_PATHS = "$(inherited) @executable_path/Frameworks";
				PRODUCT_NAME = "$(TARGET_NAME)";
			};
			name = Debug;
		};
		0FDAD8611A3E20F9003DA8E5 /* Release */ = {
			isa = XCBuildConfiguration;
			buildSettings = {
				ASSETCATALOG_COMPILER_APPICON_NAME = AppIcon;
				INFOPLIST_FILE = "Day 23- Animate/Info.plist";
				LD_RUNPATH_SEARCH_PATHS = "$(inherited) @executable_path/Frameworks";
				PRODUCT_NAME = "$(TARGET_NAME)";
			};
			name = Release;
		};
		0FDAD8631A3E20F9003DA8E5 /* Debug */ = {
			isa = XCBuildConfiguration;
			buildSettings = {
				BUNDLE_LOADER = "$(TEST_HOST)";
				FRAMEWORK_SEARCH_PATHS = (
					"$(SDKROOT)/Developer/Library/Frameworks",
					"$(inherited)",
				);
				GCC_PREPROCESSOR_DEFINITIONS = (
					"DEBUG=1",
					"$(inherited)",
				);
				INFOPLIST_FILE = "Day 23- AnimateTests/Info.plist";
				LD_RUNPATH_SEARCH_PATHS = "$(inherited) @executable_path/Frameworks @loader_path/Frameworks";
				PRODUCT_NAME = "$(TARGET_NAME)";
				TEST_HOST = "$(BUILT_PRODUCTS_DIR)/Day 23- Animate.app/Day 23- Animate";
			};
			name = Debug;
		};
		0FDAD8641A3E20F9003DA8E5 /* Release */ = {
			isa = XCBuildConfiguration;
			buildSettings = {
				BUNDLE_LOADER = "$(TEST_HOST)";
				FRAMEWORK_SEARCH_PATHS = (
					"$(SDKROOT)/Developer/Library/Frameworks",
					"$(inherited)",
				);
				INFOPLIST_FILE = "Day 23- AnimateTests/Info.plist";
				LD_RUNPATH_SEARCH_PATHS = "$(inherited) @executable_path/Frameworks @loader_path/Frameworks";
				PRODUCT_NAME = "$(TARGET_NAME)";
				TEST_HOST = "$(BUILT_PRODUCTS_DIR)/Day 23- Animate.app/Day 23- Animate";
			};
			name = Release;
		};
/* End XCBuildConfiguration section */

/* Begin XCConfigurationList section */
		0FDAD83B1A3E20F9003DA8E5 /* Build configuration list for PBXProject "Day 23- Animate" */ = {
			isa = XCConfigurationList;
			buildConfigurations = (
				0FDAD85D1A3E20F9003DA8E5 /* Debug */,
				0FDAD85E1A3E20F9003DA8E5 /* Release */,
			);
			defaultConfigurationIsVisible = 0;
			defaultConfigurationName = Release;
		};
		0FDAD85F1A3E20F9003DA8E5 /* Build configuration list for PBXNativeTarget "Day 23- Animate" */ = {
			isa = XCConfigurationList;
			buildConfigurations = (
				0FDAD8601A3E20F9003DA8E5 /* Debug */,
				0FDAD8611A3E20F9003DA8E5 /* Release */,
			);
			defaultConfigurationIsVisible = 0;
		};
		0FDAD8621A3E20F9003DA8E5 /* Build configuration list for PBXNativeTarget "Day 23- AnimateTests" */ = {
			isa = XCConfigurationList;
			buildConfigurations = (
				0FDAD8631A3E20F9003DA8E5 /* Debug */,
				0FDAD8641A3E20F9003DA8E5 /* Release */,
			);
			defaultConfigurationIsVisible = 0;
		};
/* End XCConfigurationList section */
	};
	rootObject = 0FDAD8381A3E20F9003DA8E5 /* Project object */;
}
