// !$*UTF8*$!
{
	archiveVersion = 1;
	classes = {
	};
	objectVersion = 46;
	objects = {

/* Begin PBXBuildFile section */
		0F264A901A4255D9002131B1 /* CustomCollectionViewCell.swift in Sources */ = {isa = PBXBuildFile; fileRef = 0F264A8F1A4255D9002131B1 /* CustomCollectionViewCell.swift */; };
		0F264A941A426355002131B1 /* MenuItemViewController.swift in Sources */ = {isa = PBXBuildFile; fileRef = 0F264A931A426355002131B1 /* MenuItemViewController.swift */; };
		0F37361E1A3F6F4200D78671 /* AppDelegate.swift in Sources */ = {isa = PBXBuildFile; fileRef = 0F37361D1A3F6F4200D78671 /* AppDelegate.swift */; };
		0F3736231A3F6F4200D78671 /* Main.storyboard in Resources */ = {isa = PBXBuildFile; fileRef = 0F3736211A3F6F4200D78671 /* Main.storyboard */; };
		0F3736251A3F6F4200D78671 /* Images.xcassets in Resources */ = {isa = PBXBuildFile; fileRef = 0F3736241A3F6F4200D78671 /* Images.xcassets */; };
		0F3736281A3F6F4200D78671 /* LaunchScreen.xib in Resources */ = {isa = PBXBuildFile; fileRef = 0F3736261A3F6F4200D78671 /* LaunchScreen.xib */; };
		0F3736341A3F6F4300D78671 /* SimpleTests.swift in Sources */ = {isa = PBXBuildFile; fileRef = 0F3736331A3F6F4300D78671 /* SimpleTests.swift */; };
		0F37363E1A3F70FE00D78671 /* MenuViewController.swift in Sources */ = {isa = PBXBuildFile; fileRef = 0F37363D1A3F70FE00D78671 /* MenuViewController.swift */; };
		0F52EDEF1A420D500086A108 /* LocationInfo.swift in Sources */ = {isa = PBXBuildFile; fileRef = 0F52EDEE1A420D500086A108 /* LocationInfo.swift */; };
		0F6B50501A40F03D00310B06 /* MapViewController.swift in Sources */ = {isa = PBXBuildFile; fileRef = 0F6B504F1A40F03D00310B06 /* MapViewController.swift */; };
		0F6B50521A40F06C00310B06 /* MapKit.framework in Frameworks */ = {isa = PBXBuildFile; fileRef = 0F6B50511A40F06C00310B06 /* MapKit.framework */; };
		0F9DC4991A4353B40083CC6B /* LocationCollectionViewCell.swift in Sources */ = {isa = PBXBuildFile; fileRef = 0F9DC4981A4353B40083CC6B /* LocationCollectionViewCell.swift */; };
		0FE81DC51A42386100403636 /* ContactUsViewController.swift in Sources */ = {isa = PBXBuildFile; fileRef = 0FE81DC41A42386100403636 /* ContactUsViewController.swift */; };
		0FE81DC71A423F5900403636 /* LocationsViewController.swift in Sources */ = {isa = PBXBuildFile; fileRef = 0FE81DC61A423F5900403636 /* LocationsViewController.swift */; };
/* End PBXBuildFile section */

/* Begin PBXContainerItemProxy section */
		0F37362E1A3F6F4300D78671 /* PBXContainerItemProxy */ = {
			isa = PBXContainerItemProxy;
			containerPortal = 0F3736101A3F6F4200D78671 /* Project object */;
			proxyType = 1;
			remoteGlobalIDString = 0F3736171A3F6F4200D78671;
			remoteInfo = Simple;
		};
/* End PBXContainerItemProxy section */

/* Begin PBXFileReference section */
		0F264A8F1A4255D9002131B1 /* CustomCollectionViewCell.swift */ = {isa = PBXFileReference; fileEncoding = 4; lastKnownFileType = sourcecode.swift; path = CustomCollectionViewCell.swift; sourceTree = "<group>"; };
		0F264A931A426355002131B1 /* MenuItemViewController.swift */ = {isa = PBXFileReference; fileEncoding = 4; lastKnownFileType = sourcecode.swift; path = MenuItemViewController.swift; sourceTree = "<group>"; };
		0F3736181A3F6F4200D78671 /* Simple.app */ = {isa = PBXFileReference; explicitFileType = wrapper.application; includeInIndex = 0; path = Simple.app; sourceTree = BUILT_PRODUCTS_DIR; };
		0F37361C1A3F6F4200D78671 /* Info.plist */ = {isa = PBXFileReference; lastKnownFileType = text.plist.xml; path = Info.plist; sourceTree = "<group>"; };
		0F37361D1A3F6F4200D78671 /* AppDelegate.swift */ = {isa = PBXFileReference; lastKnownFileType = sourcecode.swift; path = AppDelegate.swift; sourceTree = "<group>"; };
		0F3736221A3F6F4200D78671 /* Base */ = {isa = PBXFileReference; lastKnownFileType = file.storyboard; name = Base; path = Base.lproj/Main.storyboard; sourceTree = "<group>"; };
		0F3736241A3F6F4200D78671 /* Images.xcassets */ = {isa = PBXFileReference; lastKnownFileType = folder.assetcatalog; path = Images.xcassets; sourceTree = "<group>"; };
		0F3736271A3F6F4200D78671 /* Base */ = {isa = PBXFileReference; lastKnownFileType = file.xib; name = Base; path = Base.lproj/LaunchScreen.xib; sourceTree = "<group>"; };
		0F37362D1A3F6F4300D78671 /* SimpleTests.xctest */ = {isa = PBXFileReference; explicitFileType = wrapper.cfbundle; includeInIndex = 0; path = SimpleTests.xctest; sourceTree = BUILT_PRODUCTS_DIR; };
		0F3736321A3F6F4300D78671 /* Info.plist */ = {isa = PBXFileReference; lastKnownFileType = text.plist.xml; path = Info.plist; sourceTree = "<group>"; };
		0F3736331A3F6F4300D78671 /* SimpleTests.swift */ = {isa = PBXFileReference; lastKnownFileType = sourcecode.swift; path = SimpleTests.swift; sourceTree = "<group>"; };
		0F37363D1A3F70FE00D78671 /* MenuViewController.swift */ = {isa = PBXFileReference; fileEncoding = 4; lastKnownFileType = sourcecode.swift; path = MenuViewController.swift; sourceTree = "<group>"; };
		0F52EDEE1A420D500086A108 /* LocationInfo.swift */ = {isa = PBXFileReference; fileEncoding = 4; lastKnownFileType = sourcecode.swift; path = LocationInfo.swift; sourceTree = "<group>"; };
		0F6B504F1A40F03D00310B06 /* MapViewController.swift */ = {isa = PBXFileReference; fileEncoding = 4; lastKnownFileType = sourcecode.swift; path = MapViewController.swift; sourceTree = "<group>"; };
		0F6B50511A40F06C00310B06 /* MapKit.framework */ = {isa = PBXFileReference; lastKnownFileType = wrapper.framework; name = MapKit.framework; path = System/Library/Frameworks/MapKit.framework; sourceTree = SDKROOT; };
		0F9DC4981A4353B40083CC6B /* LocationCollectionViewCell.swift */ = {isa = PBXFileReference; fileEncoding = 4; lastKnownFileType = sourcecode.swift; path = LocationCollectionViewCell.swift; sourceTree = "<group>"; };
		0FE81DC41A42386100403636 /* ContactUsViewController.swift */ = {isa = PBXFileReference; fileEncoding = 4; lastKnownFileType = sourcecode.swift; path = ContactUsViewController.swift; sourceTree = "<group>"; };
		0FE81DC61A423F5900403636 /* LocationsViewController.swift */ = {isa = PBXFileReference; fileEncoding = 4; lastKnownFileType = sourcecode.swift; path = LocationsViewController.swift; sourceTree = "<group>"; };
/* End PBXFileReference section */

/* Begin PBXFrameworksBuildPhase section */
		0F3736151A3F6F4200D78671 /* Frameworks */ = {
			isa = PBXFrameworksBuildPhase;
			buildActionMask = 2147483647;
			files = (
				0F6B50521A40F06C00310B06 /* MapKit.framework in Frameworks */,
			);
			runOnlyForDeploymentPostprocessing = 0;
		};
		0F37362A1A3F6F4300D78671 /* Frameworks */ = {
			isa = PBXFrameworksBuildPhase;
			buildActionMask = 2147483647;
			files = (
			);
			runOnlyForDeploymentPostprocessing = 0;
		};
/* End PBXFrameworksBuildPhase section */

/* Begin PBXGroup section */
		0F37360F1A3F6F4200D78671 = {
			isa = PBXGroup;
			children = (
				0F6B50511A40F06C00310B06 /* MapKit.framework */,
				0F37361A1A3F6F4200D78671 /* Simple */,
				0F3736301A3F6F4300D78671 /* SimpleTests */,
				0F3736191A3F6F4200D78671 /* Products */,
			);
			sourceTree = "<group>";
		};
		0F3736191A3F6F4200D78671 /* Products */ = {
			isa = PBXGroup;
			children = (
				0F3736181A3F6F4200D78671 /* Simple.app */,
				0F37362D1A3F6F4300D78671 /* SimpleTests.xctest */,
			);
			name = Products;
			sourceTree = "<group>";
		};
		0F37361A1A3F6F4200D78671 /* Simple */ = {
			isa = PBXGroup;
			children = (
				0F37361D1A3F6F4200D78671 /* AppDelegate.swift */,
				0FE81DC41A42386100403636 /* ContactUsViewController.swift */,
				0F52EDEE1A420D500086A108 /* LocationInfo.swift */,
				0FE81DC61A423F5900403636 /* LocationsViewController.swift */,
				0F9DC4981A4353B40083CC6B /* LocationCollectionViewCell.swift */,
				0F6B504F1A40F03D00310B06 /* MapViewController.swift */,
				0F264A931A426355002131B1 /* MenuItemViewController.swift */,
				0F264A8F1A4255D9002131B1 /* CustomCollectionViewCell.swift */,
				0F37363D1A3F70FE00D78671 /* MenuViewController.swift */,
				0F3736211A3F6F4200D78671 /* Main.storyboard */,
				0F3736241A3F6F4200D78671 /* Images.xcassets */,
				0F3736261A3F6F4200D78671 /* LaunchScreen.xib */,
				0F37361B1A3F6F4200D78671 /* Supporting Files */,
			);
			path = Simple;
			sourceTree = "<group>";
		};
		0F37361B1A3F6F4200D78671 /* Supporting Files */ = {
			isa = PBXGroup;
			children = (
				0F37361C1A3F6F4200D78671 /* Info.plist */,
			);
			name = "Supporting Files";
			sourceTree = "<group>";
		};
		0F3736301A3F6F4300D78671 /* SimpleTests */ = {
			isa = PBXGroup;
			children = (
				0F3736331A3F6F4300D78671 /* SimpleTests.swift */,
				0F3736311A3F6F4300D78671 /* Supporting Files */,
			);
			path = SimpleTests;
			sourceTree = "<group>";
		};
		0F3736311A3F6F4300D78671 /* Supporting Files */ = {
			isa = PBXGroup;
			children = (
				0F3736321A3F6F4300D78671 /* Info.plist */,
			);
			name = "Supporting Files";
			sourceTree = "<group>";
		};
/* End PBXGroup section */

/* Begin PBXNativeTarget section */
		0F3736171A3F6F4200D78671 /* Simple */ = {
			isa = PBXNativeTarget;
			buildConfigurationList = 0F3736371A3F6F4300D78671 /* Build configuration list for PBXNativeTarget "Simple" */;
			buildPhases = (
				0F3736141A3F6F4200D78671 /* Sources */,
				0F3736151A3F6F4200D78671 /* Frameworks */,
				0F3736161A3F6F4200D78671 /* Resources */,
			);
			buildRules = (
			);
			dependencies = (
			);
			name = Simple;
			productName = Simple;
			productReference = 0F3736181A3F6F4200D78671 /* Simple.app */;
			productType = "com.apple.product-type.application";
		};
		0F37362C1A3F6F4300D78671 /* SimpleTests */ = {
			isa = PBXNativeTarget;
			buildConfigurationList = 0F37363A1A3F6F4300D78671 /* Build configuration list for PBXNativeTarget "SimpleTests" */;
			buildPhases = (
				0F3736291A3F6F4300D78671 /* Sources */,
				0F37362A1A3F6F4300D78671 /* Frameworks */,
				0F37362B1A3F6F4300D78671 /* Resources */,
			);
			buildRules = (
			);
			dependencies = (
				0F37362F1A3F6F4300D78671 /* PBXTargetDependency */,
			);
			name = SimpleTests;
			productName = SimpleTests;
			productReference = 0F37362D1A3F6F4300D78671 /* SimpleTests.xctest */;
			productType = "com.apple.product-type.bundle.unit-test";
		};
/* End PBXNativeTarget section */

/* Begin PBXProject section */
		0F3736101A3F6F4200D78671 /* Project object */ = {
			isa = PBXProject;
			attributes = {
				LastUpgradeCheck = 0610;
				ORGANIZATIONNAME = "Coding for Entrepreneurs";
				TargetAttributes = {
					0F3736171A3F6F4200D78671 = {
						CreatedOnToolsVersion = 6.1.1;
					};
					0F37362C1A3F6F4300D78671 = {
						CreatedOnToolsVersion = 6.1.1;
						TestTargetID = 0F3736171A3F6F4200D78671;
					};
				};
			};
			buildConfigurationList = 0F3736131A3F6F4200D78671 /* Build configuration list for PBXProject "Simple" */;
			compatibilityVersion = "Xcode 3.2";
			developmentRegion = English;
			hasScannedForEncodings = 0;
			knownRegions = (
				en,
				Base,
			);
			mainGroup = 0F37360F1A3F6F4200D78671;
			productRefGroup = 0F3736191A3F6F4200D78671 /* Products */;
			projectDirPath = "";
			projectRoot = "";
			targets = (
				0F3736171A3F6F4200D78671 /* Simple */,
				0F37362C1A3F6F4300D78671 /* SimpleTests */,
			);
		};
/* End PBXProject section */

/* Begin PBXResourcesBuildPhase section */
		0F3736161A3F6F4200D78671 /* Resources */ = {
			isa = PBXResourcesBuildPhase;
			buildActionMask = 2147483647;
			files = (
				0F3736231A3F6F4200D78671 /* Main.storyboard in Resources */,
				0F3736281A3F6F4200D78671 /* LaunchScreen.xib in Resources */,
				0F3736251A3F6F4200D78671 /* Images.xcassets in Resources */,
			);
			runOnlyForDeploymentPostprocessing = 0;
		};
		0F37362B1A3F6F4300D78671 /* Resources */ = {
			isa = PBXResourcesBuildPhase;
			buildActionMask = 2147483647;
			files = (
			);
			runOnlyForDeploymentPostprocessing = 0;
		};
/* End PBXResourcesBuildPhase section */

/* Begin PBXSourcesBuildPhase section */
		0F3736141A3F6F4200D78671 /* Sources */ = {
			isa = PBXSourcesBuildPhase;
			buildActionMask = 2147483647;
			files = (
				0F6B50501A40F03D00310B06 /* MapViewController.swift in Sources */,
				0F264A901A4255D9002131B1 /* CustomCollectionViewCell.swift in Sources */,
				0F264A941A426355002131B1 /* MenuItemViewController.swift in Sources */,
				0F37363E1A3F70FE00D78671 /* MenuViewController.swift in Sources */,
				0FE81DC51A42386100403636 /* ContactUsViewController.swift in Sources */,
				0F9DC4991A4353B40083CC6B /* LocationCollectionViewCell.swift in Sources */,
				0F52EDEF1A420D500086A108 /* LocationInfo.swift in Sources */,
				0F37361E1A3F6F4200D78671 /* AppDelegate.swift in Sources */,
				0FE81DC71A423F5900403636 /* LocationsViewController.swift in Sources */,
			);
			runOnlyForDeploymentPostprocessing = 0;
		};
		0F3736291A3F6F4300D78671 /* Sources */ = {
			isa = PBXSourcesBuildPhase;
			buildActionMask = 2147483647;
			files = (
				0F3736341A3F6F4300D78671 /* SimpleTests.swift in Sources */,
			);
			runOnlyForDeploymentPostprocessing = 0;
		};
/* End PBXSourcesBuildPhase section */

/* Begin PBXTargetDependency section */
		0F37362F1A3F6F4300D78671 /* PBXTargetDependency */ = {
			isa = PBXTargetDependency;
			target = 0F3736171A3F6F4200D78671 /* Simple */;
			targetProxy = 0F37362E1A3F6F4300D78671 /* PBXContainerItemProxy */;
		};
/* End PBXTargetDependency section */

/* Begin PBXVariantGroup section */
		0F3736211A3F6F4200D78671 /* Main.storyboard */ = {
			isa = PBXVariantGroup;
			children = (
				0F3736221A3F6F4200D78671 /* Base */,
			);
			name = Main.storyboard;
			sourceTree = "<group>";
		};
		0F3736261A3F6F4200D78671 /* LaunchScreen.xib */ = {
			isa = PBXVariantGroup;
			children = (
				0F3736271A3F6F4200D78671 /* Base */,
			);
			name = LaunchScreen.xib;
			sourceTree = "<group>";
		};
/* End PBXVariantGroup section */

/* Begin XCBuildConfiguration section */
		0F3736351A3F6F4300D78671 /* Debug */ = {
			isa = XCBuildConfiguration;
			buildSettings = {
				ALWAYS_SEARCH_USER_PATHS = NO;
				CLANG_CXX_LANGUAGE_STANDARD = "gnu++0x";
				CLANG_CXX_LIBRARY = "libc++";
				CLANG_ENABLE_MODULES = YES;
				CLANG_ENABLE_OBJC_ARC = YES;
				CLANG_WARN_BOOL_CONVERSION = YES;
				CLANG_WARN_CONSTANT_CONVERSION = YES;
				CLANG_WARN_DIRECT_OBJC_ISA_USAGE = YES_ERROR;
				CLANG_WARN_EMPTY_BODY = YES;
				CLANG_WARN_ENUM_CONVERSION = YES;
				CLANG_WARN_INT_CONVERSION = YES;
				CLANG_WARN_OBJC_ROOT_CLASS = YES_ERROR;
				CLANG_WARN_UNREACHABLE_CODE = YES;
				CLANG_WARN__DUPLICATE_METHOD_MATCH = YES;
				"CODE_SIGN_IDENTITY[sdk=iphoneos*]" = "iPhone Developer";
				COPY_PHASE_STRIP = NO;
				ENABLE_STRICT_OBJC_MSGSEND = YES;
				GCC_C_LANGUAGE_STANDARD = gnu99;
				GCC_DYNAMIC_NO_PIC = NO;
				GCC_OPTIMIZATION_LEVEL = 0;
				GCC_PREPROCESSOR_DEFINITIONS = (
					"DEBUG=1",
					"$(inherited)",
				);
				GCC_SYMBOLS_PRIVATE_EXTERN = NO;
				GCC_WARN_64_TO_32_BIT_CONVERSION = YES;
				GCC_WARN_ABOUT_RETURN_TYPE = YES_ERROR;
				GCC_WARN_UNDECLARED_SELECTOR = YES;
				GCC_WARN_UNINITIALIZED_AUTOS = YES_AGGRESSIVE;
				GCC_WARN_UNUSED_FUNCTION = YES;
				GCC_WARN_UNUSED_VARIABLE = YES;
				IPHONEOS_DEPLOYMENT_TARGET = 8.1;
				MTL_ENABLE_DEBUG_INFO = YES;
				ONLY_ACTIVE_ARCH = YES;
				SDKROOT = iphoneos;
				SWIFT_OPTIMIZATION_LEVEL = "-Onone";
			};
			name = Debug;
		};
		0F3736361A3F6F4300D78671 /* Release */ = {
			isa = XCBuildConfiguration;
			buildSettings = {
				ALWAYS_SEARCH_USER_PATHS = NO;
				CLANG_CXX_LANGUAGE_STANDARD = "gnu++0x";
				CLANG_CXX_LIBRARY = "libc++";
				CLANG_ENABLE_MODULES = YES;
				CLANG_ENABLE_OBJC_ARC = YES;
				CLANG_WARN_BOOL_CONVERSION = YES;
				CLANG_WARN_CONSTANT_CONVERSION = YES;
				CLANG_WARN_DIRECT_OBJC_ISA_USAGE = YES_ERROR;
				CLANG_WARN_EMPTY_BODY = YES;
				CLANG_WARN_ENUM_CONVERSION = YES;
				CLANG_WARN_INT_CONVERSION = YES;
				CLANG_WARN_OBJC_ROOT_CLASS = YES_ERROR;
				CLANG_WARN_UNREACHABLE_CODE = YES;
				CLANG_WARN__DUPLICATE_METHOD_MATCH = YES;
				"CODE_SIGN_IDENTITY[sdk=iphoneos*]" = "iPhone Developer";
				COPY_PHASE_STRIP = YES;
				ENABLE_NS_ASSERTIONS = NO;
				ENABLE_STRICT_OBJC_MSGSEND = YES;
				GCC_C_LANGUAGE_STANDARD = gnu99;
				GCC_WARN_64_TO_32_BIT_CONVERSION = YES;
				GCC_WARN_ABOUT_RETURN_TYPE = YES_ERROR;
				GCC_WARN_UNDECLARED_SELECTOR = YES;
				GCC_WARN_UNINITIALIZED_AUTOS = YES_AGGRESSIVE;
				GCC_WARN_UNUSED_FUNCTION = YES;
				GCC_WARN_UNUSED_VARIABLE = YES;
				IPHONEOS_DEPLOYMENT_TARGET = 8.1;
				MTL_ENABLE_DEBUG_INFO = NO;
				SDKROOT = iphoneos;
				VALIDATE_PRODUCT = YES;
			};
			name = Release;
		};
		0F3736381A3F6F4300D78671 /* Debug */ = {
			isa = XCBuildConfiguration;
			buildSettings = {
				ASSETCATALOG_COMPILER_APPICON_NAME = AppIcon;
				INFOPLIST_FILE = Simple/Info.plist;
				LD_RUNPATH_SEARCH_PATHS = "$(inherited) @executable_path/Frameworks";
				PRODUCT_NAME = "$(TARGET_NAME)";
			};
			name = Debug;
		};
		0F3736391A3F6F4300D78671 /* Release */ = {
			isa = XCBuildConfiguration;
			buildSettings = {
				ASSETCATALOG_COMPILER_APPICON_NAME = AppIcon;
				INFOPLIST_FILE = Simple/Info.plist;
				LD_RUNPATH_SEARCH_PATHS = "$(inherited) @executable_path/Frameworks";
				PRODUCT_NAME = "$(TARGET_NAME)";
			};
			name = Release;
		};
		0F37363B1A3F6F4300D78671 /* Debug */ = {
			isa = XCBuildConfiguration;
			buildSettings = {
				BUNDLE_LOADER = "$(TEST_HOST)";
				FRAMEWORK_SEARCH_PATHS = (
					"$(SDKROOT)/Developer/Library/Frameworks",
					"$(inherited)",
				);
				GCC_PREPROCESSOR_DEFINITIONS = (
					"DEBUG=1",
					"$(inherited)",
				);
				INFOPLIST_FILE = SimpleTests/Info.plist;
				LD_RUNPATH_SEARCH_PATHS = "$(inherited) @executable_path/Frameworks @loader_path/Frameworks";
				PRODUCT_NAME = "$(TARGET_NAME)";
				TEST_HOST = "$(BUILT_PRODUCTS_DIR)/Simple.app/Simple";
			};
			name = Debug;
		};
		0F37363C1A3F6F4300D78671 /* Release */ = {
			isa = XCBuildConfiguration;
			buildSettings = {
				BUNDLE_LOADER = "$(TEST_HOST)";
				FRAMEWORK_SEARCH_PATHS = (
					"$(SDKROOT)/Developer/Library/Frameworks",
					"$(inherited)",
				);
				INFOPLIST_FILE = SimpleTests/Info.plist;
				LD_RUNPATH_SEARCH_PATHS = "$(inherited) @executable_path/Frameworks @loader_path/Frameworks";
				PRODUCT_NAME = "$(TARGET_NAME)";
				TEST_HOST = "$(BUILT_PRODUCTS_DIR)/Simple.app/Simple";
			};
			name = Release;
		};
/* End XCBuildConfiguration section */

/* Begin XCConfigurationList section */
		0F3736131A3F6F4200D78671 /* Build configuration list for PBXProject "Simple" */ = {
			isa = XCConfigurationList;
			buildConfigurations = (
				0F3736351A3F6F4300D78671 /* Debug */,
				0F3736361A3F6F4300D78671 /* Release */,
			);
			defaultConfigurationIsVisible = 0;
			defaultConfigurationName = Release;
		};
		0F3736371A3F6F4300D78671 /* Build configuration list for PBXNativeTarget "Simple" */ = {
			isa = XCConfigurationList;
			buildConfigurations = (
				0F3736381A3F6F4300D78671 /* Debug */,
				0F3736391A3F6F4300D78671 /* Release */,
			);
			defaultConfigurationIsVisible = 0;
			defaultConfigurationName = Release;
		};
		0F37363A1A3F6F4300D78671 /* Build configuration list for PBXNativeTarget "SimpleTests" */ = {
			isa = XCConfigurationList;
			buildConfigurations = (
				0F37363B1A3F6F4300D78671 /* Debug */,
				0F37363C1A3F6F4300D78671 /* Release */,
			);
			defaultConfigurationIsVisible = 0;
			defaultConfigurationName = Release;
		};
/* End XCConfigurationList section */
	};
	rootObject = 0F3736101A3F6F4200D78671 /* Project object */;
}
